
Microsoft Visual Studio Solution File, Format Version 12.00
# Visual Studio Version 18
VisualStudioVersion = 18.0.0.0
MinimumVisualStudioVersion = 18.0.0.0
Project("{FAE04EC0-301F-11D3-BF4B-00C04F79EFBC}") = "FuzzySet", "FuzzySet.csproj", "{503E7C1A-3DC9-4102-9451-9E8F5EC6BB8E}"
EndProject
Project("{FAE04EC0-301F-11D3-BF4B-00C04F79EFBC}") = "FuzzySet.Tests", "FuzzySet.Tests\FuzzySet.Tests.csproj", "{AFB9A791-8982-4CCA-8054-9E186C8F0C8C}"
EndProject
Global
	GlobalSection(SolutionConfigurationPlatforms) = preSolution
		Debug|Any CPU = Debug|Any CPU
		Release|Any CPU = Release|Any CPU
	EndGlobalSection
	GlobalSection(ProjectConfigurationPlatforms) = postSolution
		{503E7C1A-3DC9-4102-9451-9E8F5EC6BB8E}.Debug|Any CPU.ActiveCfg = Debug|Any CPU
		{503E7C1A-3DC9-4102-9451-9E8F5EC6BB8E}.Debug|Any CPU.Build.0 = Debug|Any CPU
		{503E7C1A-3DC9-4102-9451-9E8F5EC6BB8E}.Release|Any CPU.ActiveCfg = Release|Any CPU
		{503E7C1A-3DC9-4102-9451-9E8F5EC6BB8E}.Release|Any CPU.Build.0 = Release|Any CPU
		{AFB9A791-8982-4CCA-8054-9E186C8F0C8C}.Debug|Any CPU.ActiveCfg = Debug|Any CPU
		{AFB9A791-8982-4CCA-8054-9E186C8F0C8C}.Debug|Any CPU.Build.0 = Debug|Any CPU
		{AFB9A791-8982-4CCA-8054-9E186C8F0C8C}.Release|Any CPU.ActiveCfg = Release|Any CPU
		{AFB9A791-8982-4CCA-8054-9E186C8F0C8C}.Release|Any CPU.Build.0 = Release|Any CPU
	EndGlobalSection
	GlobalSection(SolutionProperties) = preSolution
		HideSolutionNode = FALSE
	EndGlobalSection
EndGlobal
